{
  "version": 4,
  "terraform_version": "1.15.5",
  "serial": 48,
  "lineage": "1c82f0c8-deaf-b110-19f1-d590313c1482",
  "outputs": {},
  "resources": [
    {
      "mode": "managed",
      "type": "local_file",
      "name": "file1",
      "provider": "provider[\"registry.terraform.io/hashicorp/local\"]",
      "instances": [
        {
          "schema_version": 0,
          "attributes": {
            "content": "this is samlpe",
            "content_base64": null,
            "content_base64sha256": "nIoDnZ7X4G8IN52qqnWLZwGUtyWTpiWagMc7B/kegSw=",
            "content_base64sha512": "80meFhNJVFuI8o5epOXF/HAFUH3otV4Qi5a5G8TIu2Cyf9vjHVdY1+xSHSvV9rlriBaB9LhMoySq9FSgdEYOaw==",
            "content_md5": "23afac84363f90762fe22d457ebb4fe8",
            "content_sha1": "11c3e6c962b88a2704ed522791e1cd2722cfcab5",
            "content_sha256": "9c8a039d9ed7e06f08379daaaa758b670194b72593a6259a80c73b07f91e812c",
            "content_sha512": "f3499e161349545b88f28e5ea4e5c5fc7005507de8b55e108b96b91bc4c8bb60b27fdbe31d5758d7ec521d2bd5f6b96b881681f4b84ca324aaf454a074460e6b",
            "directory_permission": "0777",
            "file_permission": "0777",
            "filename": "hello.txt",
            "id": "11c3e6c962b88a2704ed522791e1cd2722cfcab5",
            "sensitive_content": null,
            "source": null
          },
          "sensitive_attributes": [
            [
              {
                "type": "get_attr",
                "value": "sensitive_content"
              }
            ]
          ],
          "identity_schema_version": 0
        }
      ]
    },
    {
      "mode": "managed",
      "type": "local_file",
      "name": "file2",
      "provider": "provider[\"registry.terraform.io/hashicorp/local\"]",
      "instances": [
        {
          "schema_version": 0,
          "attributes": {
            "content": "This is sample2",
            "content_base64": null,
            "content_base64sha256": "54zMj5c4giaZvdx+4Rnfr5qAB46qrlKbeWCLDBzP6AI=",
            "content_base64sha512": "vhlIz0aJJi2nXM8Ot13weo8B8fcJKJDX7n1aTQ98tjusuxMddbbuUrk50PmkGh5ug4Bjz3dmBiGqgqbMSeWD6A==",
            "content_md5": "970104a5288ec09b10bbd5481ba2914c",
            "content_sha1": "11b4cf6c90bc5a078d92844650c25668f2bc57b0",
            "content_sha256": "e78ccc8f9738822699bddc7ee119dfaf9a80078eaaae529b79608b0c1ccfe802",
            "content_sha512": "be1948cf4689262da75ccf0eb75df07a8f01f1f7092890d7ee7d5a4d0f7cb63bacbb131d75b6ee52b939d0f9a41a1e6e838063cf77660621aa82a6cc49e583e8",
            "directory_permission": "0777",
            "file_permission": "0777",
            "filename": "sam",
            "id": "11b4cf6c90bc5a078d92844650c25668f2bc57b0",
            "sensitive_content": null,
            "source": null
          },
          "sensitive_attributes": [
            [
              {
                "type": "get_attr",
                "value": "sensitive_content"
              }
            ]
          ],
          "identity_schema_version": 0
        }
      ]
    },
    {
      "mode": "managed",
      "type": "local_file",
      "name": "file3",
      "provider": "provider[\"registry.terraform.io/hashicorp/local\"]",
      "instances": [
        {
          "schema_version": 0,
          "attributes": {
            "content": "hello this is sample",
            "content_base64": null,
            "content_base64sha256": "9HHLEYP5DxMbkzrkwAwnAytGMPIWrR3AiCb/22p0w/0=",
            "content_base64sha512": "VPTC7IQdHp36iT8u2IdvBmKvxjqB2Bi6so3FBmjtK64Jl4ER8KuoT9FjD+cMjkgmKOvWe75wXcMQAFPHVD5hKw==",
            "content_md5": "740040d7743eef6b34a2d1341d13f698",
            "content_sha1": "a39587d1cf2d39b4521c97c2e81845b8459157fe",
            "content_sha256": "f471cb1183f90f131b933ae4c00c27032b4630f216ad1dc08826ffdb6a74c3fd",
            "content_sha512": "54f4c2ec841d1e9dfa893f2ed8876f0662afc63a81d818bab28dc50668ed2bae09978111f0aba84fd1630fe70c8e482628ebd67bbe705dc3100053c7543e612b",
            "directory_permission": "0777",
            "file_permission": "0777",
            "filename": "hello",
            "id": "a39587d1cf2d39b4521c97c2e81845b8459157fe",
            "sensitive_content": null,
            "source": null
          },
          "sensitive_attributes": [
            [
              {
                "type": "get_attr",
                "value": "sensitive_content"
              }
            ]
          ],
          "identity_schema_version": 0
        }
      ]
    },
    {
      "mode": "managed",
      "type": "local_file",
      "name": "testfileo1",
      "provider": "provider[\"registry.terraform.io/hashicorp/local\"]",
      "instances": [
        {
          "schema_version": 0,
          "attributes": {
            "content": "object sample",
            "content_base64": null,
            "content_base64sha256": "Q9fZZVv39+DnSw55RSa/WYIs291KOlinRvRswAZ1lv0=",
            "content_base64sha512": "lh18L0WR74R9T1prmWllytVo3w/HQIKQgxCs7Sl95YiByntkg5IB8TrGIKxeAuDLtGjYzDjQVc55FgBNY7j6bg==",
            "content_md5": "d854c0d494189ff0528683c14e4f0a51",
            "content_sha1": "1a124fbdf5e188fc682c902aa6a444e597180aef",
            "content_sha256": "43d7d9655bf7f7e0e74b0e794526bf59822cdbdd4a3a58a746f46cc0067596fd",
            "content_sha512": "961d7c2f4591ef847d4f5a6b996965cad568df0fc74082908310aced297de58881ca7b64839201f13ac620ac5e02e0cbb468d8cc38d055ce7916004d63b8fa6e",
            "directory_permission": "0777",
            "file_permission": "0777",
            "filename": "sanju",
            "id": "1a124fbdf5e188fc682c902aa6a444e597180aef",
            "sensitive_content": null,
            "source": null
          },
          "sensitive_attributes": [
            [
              {
                "type": "get_attr",
                "value": "sensitive_content"
              }
            ]
          ],
          "identity_schema_version": 0
        }
      ]
    },
    {
      "mode": "managed",
      "type": "local_file",
      "name": "testfileo2",
      "provider": "provider[\"registry.terraform.io/hashicorp/local\"]",
      "instances": [
        {
          "schema_version": 0,
          "attributes": {
            "content": "Object Practice",
            "content_base64": null,
            "content_base64sha256": "Dd17boQ6LqEHMS2Uot8pSYdOa+4rWF9VjHBsS7GA+Gs=",
            "content_base64sha512": "y3RtDt88YgBt7BRR1m9i5YxT5eUNCXxIlxJyehMzJEwe4uClCil0/ZuQ4kUmyJCx/UkJGZ0qrmtxJYNbo219EQ==",
            "content_md5": "e24fee3de8a46c9287e241f8c17e6f07",
            "content_sha1": "ec4a9308b6f2c0488aa2c2b543dd32729d0c414c",
            "content_sha256": "0ddd7b6e843a2ea107312d94a2df2949874e6bee2b585f558c706c4bb180f86b",
            "content_sha512": "cb746d0edf3c62006dec1451d66f62e58c53e5e50d097c489712727a1333244c1ee2e0a50a2974fd9b90e24526c890b1fd4909199d2aae6b7125835ba36d7d11",
            "directory_permission": "0777",
            "file_permission": "0777",
            "filename": "Jarvice.txt",
            "id": "ec4a9308b6f2c0488aa2c2b543dd32729d0c414c",
            "sensitive_content": null,
            "source": null
          },
          "sensitive_attributes": [
            [
              {
                "type": "get_attr",
                "value": "sensitive_content"
              }
            ]
          ],
          "identity_schema_version": 0
        }
      ]
    },
    {
      "mode": "managed",
      "type": "local_file",
      "name": "testfilet1",
      "provider": "provider[\"registry.terraform.io/hashicorp/local\"]",
      "instances": [
        {
          "schema_version": 0,
          "attributes": {
            "content": "Hello Terraform",
            "content_base64": null,
            "content_base64sha256": "/kgumh2UafZiAhLHINx9/VrK8rqdUF00InqL5Ah6o9o=",
            "content_base64sha512": "o0kyOlypmUjT2NHEgriT4P+QTACjaY9CB2wqRHCz6xAlvzlIaM2cKIccudD0mz1IynJrtqb4LjXo0/oJZpb6tg==",
            "content_md5": "6282288ace5139651dce0bb0a6716696",
            "content_sha1": "e17f8b10caa7079f5ff44e809de6a31360433587",
            "content_sha256": "fe482e9a1d9469f6620212c720dc7dfd5acaf2ba9d505d34227a8be4087aa3da",
            "content_sha512": "a349323a5ca99948d3d8d1c482b893e0ff904c00a3698f42076c2a4470b3eb1025bf394868cd9c28871cb9d0f49b3d48ca726bb6a6f82e35e8d3fa096696fab6",
            "directory_permission": "0777",
            "file_permission": "0777",
            "filename": "0",
            "id": "e17f8b10caa7079f5ff44e809de6a31360433587",
            "sensitive_content": null,
            "source": null
          },
          "sensitive_attributes": [
            [
              {
                "type": "get_attr",
                "value": "sensitive_content"
              }
            ]
          ],
          "identity_schema_version": 0
        }
      ]
    },
    {
      "mode": "managed",
      "type": "local_file",
      "name": "testfilet2",
      "provider": "provider[\"registry.terraform.io/hashicorp/local\"]",
      "instances": [
        {
          "schema_version": 0,
          "attributes": {
            "content": "Hello Terraform",
            "content_base64": null,
            "content_base64sha256": "/kgumh2UafZiAhLHINx9/VrK8rqdUF00InqL5Ah6o9o=",
            "content_base64sha512": "o0kyOlypmUjT2NHEgriT4P+QTACjaY9CB2wqRHCz6xAlvzlIaM2cKIccudD0mz1IynJrtqb4LjXo0/oJZpb6tg==",
            "content_md5": "6282288ace5139651dce0bb0a6716696",
            "content_sha1": "e17f8b10caa7079f5ff44e809de6a31360433587",
            "content_sha256": "fe482e9a1d9469f6620212c720dc7dfd5acaf2ba9d505d34227a8be4087aa3da",
            "content_sha512": "a349323a5ca99948d3d8d1c482b893e0ff904c00a3698f42076c2a4470b3eb1025bf394868cd9c28871cb9d0f49b3d48ca726bb6a6f82e35e8d3fa096696fab6",
            "directory_permission": "0777",
            "file_permission": "0777",
            "filename": "sam",
            "id": "e17f8b10caa7079f5ff44e809de6a31360433587",
            "sensitive_content": null,
            "source": null
          },
          "sensitive_attributes": [
            [
              {
                "type": "get_attr",
                "value": "sensitive_content"
              }
            ]
          ],
          "identity_schema_version": 0
        }
      ]
    }
  ],
  "check_results": null
}
