{
  "version": 4,
  "terraform_version": "1.15.5",
  "serial": 13,
  "lineage": "6bfa8b6d-15d4-8a9f-8bac-06cae8c4152f",
  "outputs": {},
  "resources": [
    {
      "mode": "managed",
      "type": "local_file",
      "name": "file1",
      "provider": "provider[\"registry.terraform.io/hashicorp/local\"]",
      "instances": [
        {
          "schema_version": 0,
          "attributes": {
            "content": "Hello",
            "content_base64": null,
            "content_base64sha256": "GF+NsyJx/iX1Yab8k4suJkMG7DBO2lGAB9F2SCY4GWk=",
            "content_base64sha512": "NhX4DJ0pPtdAJof5SyLVjlKbjMeRb4+sf933+9WvTPd309eVp6AKFr9+fz+5Vh7puq5IDan+ehh2nnGIawPzFQ==",
            "content_md5": "8b1a9953c4611296a827abf8c47804d7",
            "content_sha1": "f7ff9e8b7bb2e09b70935a5d785e0cc5d9d0abf0",
            "content_sha256": "185f8db32271fe25f561a6fc938b2e264306ec304eda518007d1764826381969",
            "content_sha512": "3615f80c9d293ed7402687f94b22d58e529b8cc7916f8fac7fddf7fbd5af4cf777d3d795a7a00a16bf7e7f3fb9561ee9baae480da9fe7a18769e71886b03f315",
            "directory_permission": "0777",
            "file_permission": "0777",
            "filename": "file1.txt",
            "id": "f7ff9e8b7bb2e09b70935a5d785e0cc5d9d0abf0",
            "sensitive_content": null,
            "source": null
          },
          "sensitive_attributes": [
            [
              {
                "type": "get_attr",
                "value": "sensitive_content"
              }
            ]
          ],
          "identity_schema_version": 0
        }
      ]
    },
    {
      "mode": "managed",
      "type": "local_file",
      "name": "file2",
      "provider": "provider[\"registry.terraform.io/hashicorp/local\"]",
      "instances": [
        {
          "schema_version": 0,
          "attributes": {
            "content": "f7ff9e8b7bb2e09b70935a5d785e0cc5d9d0abf0",
            "content_base64": null,
            "content_base64sha256": "OHM71EOpTd9Mijy3YK5rX9EnSTMCK2TcsfUD5JYol9k=",
            "content_base64sha512": "CpBAW6bJBvtxp1+exNxWWMVkXWAYBa6E0d3Ynw60HHTerYUFeU5tgv3zbPxuGN4LzO2kfGXN9/vXBxuXUU918w==",
            "content_md5": "795bb74619e3ab2c45d94701a3aac660",
            "content_sha1": "81d8c71a002da5194d95adcfe2e457175f225aa5",
            "content_sha256": "38733bd443a94ddf4c8a3cb760ae6b5fd1274933022b64dcb1f503e4962897d9",
            "content_sha512": "0a90405ba6c906fb71a75f9ec4dc5658c5645d601805ae84d1ddd89f0eb41c74dead8505794e6d82fdf36cfc6e18de0bcceda47c65cdf7fbd7071b97514f75f3",
            "directory_permission": "0777",
            "file_permission": "0777",
            "filename": "file2.txt",
            "id": "81d8c71a002da5194d95adcfe2e457175f225aa5",
            "sensitive_content": null,
            "source": null
          },
          "sensitive_attributes": [
            [
              {
                "type": "get_attr",
                "value": "sensitive_content"
              }
            ]
          ],
          "identity_schema_version": 0,
          "dependencies": [
            "local_file.file1"
          ]
        }
      ]
    },
    {
      "mode": "managed",
      "type": "local_file",
      "name": "filel1",
      "provider": "provider[\"registry.terraform.io/hashicorp/local\"]",
      "instances": [
        {
          "schema_version": 0,
          "attributes": {
            "content": "Hello",
            "content_base64": null,
            "content_base64sha256": "GF+NsyJx/iX1Yab8k4suJkMG7DBO2lGAB9F2SCY4GWk=",
            "content_base64sha512": "NhX4DJ0pPtdAJof5SyLVjlKbjMeRb4+sf933+9WvTPd309eVp6AKFr9+fz+5Vh7puq5IDan+ehh2nnGIawPzFQ==",
            "content_md5": "8b1a9953c4611296a827abf8c47804d7",
            "content_sha1": "f7ff9e8b7bb2e09b70935a5d785e0cc5d9d0abf0",
            "content_sha256": "185f8db32271fe25f561a6fc938b2e264306ec304eda518007d1764826381969",
            "content_sha512": "3615f80c9d293ed7402687f94b22d58e529b8cc7916f8fac7fddf7fbd5af4cf777d3d795a7a00a16bf7e7f3fb9561ee9baae480da9fe7a18769e71886b03f315",
            "directory_permission": "0777",
            "file_permission": "0777",
            "filename": "filel1.txt",
            "id": "f7ff9e8b7bb2e09b70935a5d785e0cc5d9d0abf0",
            "sensitive_content": null,
            "source": null
          },
          "sensitive_attributes": [
            [
              {
                "type": "get_attr",
                "value": "sensitive_content"
              }
            ]
          ],
          "identity_schema_version": 0
        }
      ]
    },
    {
      "mode": "managed",
      "type": "local_file",
      "name": "filel2",
      "provider": "provider[\"registry.terraform.io/hashicorp/local\"]",
      "instances": [
        {
          "schema_version": 0,
          "attributes": {
            "content": "World",
            "content_base64": null,
            "content_base64sha256": "eK5kfcVUTSJxMKBoKlHjC8d3f7ttio8XAHRjo+zR1SQ=",
            "content_base64sha512": "jqdzk6QquPqSUA+wd6lQnMMryV5ycS76EW7a8u3640+7aC791sXdE8EX4IvUqu9xKR2KrOL4kCcwgdBnfBbfDw==",
            "content_md5": "f5a7924e621e84c9280a9a27e1bcb7f6",
            "content_sha1": "70c07ec18ef89c5309bbb0937f3a6342411e1fdd",
            "content_sha256": "78ae647dc5544d227130a0682a51e30bc7777fbb6d8a8f17007463a3ecd1d524",
            "content_sha512": "8ea77393a42ab8fa92500fb077a9509cc32bc95e72712efa116edaf2edfae34fbb682efdd6c5dd13c117e08bd4aaef71291d8aace2f890273081d0677c16df0f",
            "directory_permission": "0777",
            "file_permission": "0777",
            "filename": "filel2.txt",
            "id": "70c07ec18ef89c5309bbb0937f3a6342411e1fdd",
            "sensitive_content": null,
            "source": null
          },
          "sensitive_attributes": [
            [
              {
                "type": "get_attr",
                "value": "sensitive_content"
              }
            ]
          ],
          "identity_schema_version": 0,
          "dependencies": [
            "local_file.file1"
          ]
        }
      ]
    },
    {
      "mode": "managed",
      "type": "local_file",
      "name": "test",
      "provider": "provider[\"registry.terraform.io/hashicorp/local\"]",
      "instances": [
        {
          "schema_version": 0,
          "attributes": {
            "content": "Version1",
            "content_base64": null,
            "content_base64sha256": "ueFoHDwbXci92jrQS7ZCEsGr7V5BzWyYvfdpOI5GgvE=",
            "content_base64sha512": "1vbunOLhRNj2YqF1WXoURZdvDrq03XWarWl7D3rh+0Y+stRy1brUaSaGQb4UzLGFYOltWIJbRgxMMXq/1HvV4g==",
            "content_md5": "dca5c4e0413b9229c20ec769315b28e6",
            "content_sha1": "b3af3bc8fe1c6f0bdfca8e1350ea22effcca7596",
            "content_sha256": "b9e1681c3c1b5dc8bdda3ad04bb64212c1abed5e41cd6c98bdf769388e4682f1",
            "content_sha512": "d6f6ee9ce2e144d8f662a175597a1445976f0ebab4dd759aad697b0f7ae1fb463eb2d472d5bad469268641be14ccb18560e96d58825b460c4c317abfd47bd5e2",
            "directory_permission": "0777",
            "file_permission": "0777",
            "filename": "demo1.txt",
            "id": "b3af3bc8fe1c6f0bdfca8e1350ea22effcca7596",
            "sensitive_content": null,
            "source": null
          },
          "sensitive_attributes": [
            [
              {
                "type": "get_attr",
                "value": "sensitive_content"
              }
            ]
          ],
          "identity_schema_version": 0,
          "create_before_destroy": true
        }
      ]
    },
    {
      "mode": "managed",
      "type": "local_file",
      "name": "test4",
      "provider": "provider[\"registry.terraform.io/hashicorp/local\"]",
      "instances": [
        {
          "schema_version": 0,
          "attributes": {
            "content": "Hello",
            "content_base64": null,
            "content_base64sha256": "GF+NsyJx/iX1Yab8k4suJkMG7DBO2lGAB9F2SCY4GWk=",
            "content_base64sha512": "NhX4DJ0pPtdAJof5SyLVjlKbjMeRb4+sf933+9WvTPd309eVp6AKFr9+fz+5Vh7puq5IDan+ehh2nnGIawPzFQ==",
            "content_md5": "8b1a9953c4611296a827abf8c47804d7",
            "content_sha1": "f7ff9e8b7bb2e09b70935a5d785e0cc5d9d0abf0",
            "content_sha256": "185f8db32271fe25f561a6fc938b2e264306ec304eda518007d1764826381969",
            "content_sha512": "3615f80c9d293ed7402687f94b22d58e529b8cc7916f8fac7fddf7fbd5af4cf777d3d795a7a00a16bf7e7f3fb9561ee9baae480da9fe7a18769e71886b03f315",
            "directory_permission": "0777",
            "file_permission": "0777",
            "filename": "demo3.txt",
            "id": "f7ff9e8b7bb2e09b70935a5d785e0cc5d9d0abf0",
            "sensitive_content": null,
            "source": null
          },
          "sensitive_attributes": [
            [
              {
                "type": "get_attr",
                "value": "sensitive_content"
              }
            ]
          ],
          "identity_schema_version": 0
        }
      ]
    }
  ],
  "check_results": null
}
